
Microsoft Visual Studio Solution File, Format Version 12.00
# Visual Studio Version 17
VisualStudioVersion = 17.9.34701.34
MinimumVisualStudioVersion = 10.0.40219.1
Project("{2150E333-8FDC-42A3-9474-1A3956D46DE8}") = "Solution Items", "Solution Items", "{3781C108-C144-465A-873C-488253C7B2F8}"
	ProjectSection(SolutionItems) = preProject
		.editorconfig = .editorconfig
		README.md = README.md
	EndProjectSection
EndProject
Project("{E53339B2-1760-4266-BCC7-CA923CBCF16C}") = "docker-compose", "docker-compose.dcproj", "{4226778E-7DC0-43E1-ACC4-65B079602F09}"
EndProject
Project("{2150E333-8FDC-42A3-9474-1A3956D46DE8}") = "src", "src", "{452E30CF-7B9F-4FED-BD54-0494CBF3341D}"
EndProject
Project("{2150E333-8FDC-42A3-9474-1A3956D46DE8}") = "tests", "tests", "{E1A5E860-0C0E-49AE-A8B4-51A4ABAFE78B}"
EndProject
Project("{2150E333-8FDC-42A3-9474-1A3956D46DE8}") = "Modules", "Modules", "{0540E962-42EB-4D98-B0ED-D5AE08468921}"
EndProject
Project("{FAE04EC0-301F-11D3-BF4B-00C04F79EFBC}") = "Catalog.Core", "src\Modules\Catalog\Catalog.Core\Catalog.Core.csproj", "{20DA63BB-942F-4B33-A5DA-F49BCA6A941E}"
EndProject
Project("{2150E333-8FDC-42A3-9474-1A3956D46DE8}") = "Catalog", "Catalog", "{F94C9D03-7FAB-4E13-96BE-E755D62FD2D5}"
EndProject
Project("{FAE04EC0-301F-11D3-BF4B-00C04F79EFBC}") = "Catalog.Contracts", "src\Modules\Catalog\Catalog.Contracts\Catalog.Contracts.csproj", "{DBD83196-461E-410A-8671-43D78217C7BA}"
EndProject
Project("{FAE04EC0-301F-11D3-BF4B-00C04F79EFBC}") = "Catalog.ApiContracts", "src\Modules\Catalog\Catalog.ApiContracts\Catalog.ApiContracts.csproj", "{04F402F5-E63E-4B2A-9A8B-E33DCC3C0003}"
EndProject
Project("{FAE04EC0-301F-11D3-BF4B-00C04F79EFBC}") = "Catalog.Infrastructure", "src\Modules\Catalog\Catalog.Infrastructure\Catalog.Infrastructure.csproj", "{3C3BE78E-F6F7-4F67-B969-D433B6CDD5EF}"
EndProject
Project("{FAE04EC0-301F-11D3-BF4B-00C04F79EFBC}") = "Shared.Infrastructure", "src\Shared\Shared.Infrastructure\Shared.Infrastructure.csproj", "{A71FD705-B577-4A3C-9397-A400ED9EA331}"
EndProject
Project("{2150E333-8FDC-42A3-9474-1A3956D46DE8}") = "Shared", "Shared", "{E07C730B-6E53-460C-9FD4-7FB9E84A7297}"
EndProject
Project("{FAE04EC0-301F-11D3-BF4B-00C04F79EFBC}") = "Shared.Abstractions", "src\Shared\Shared.Abstractions\Shared.Abstractions.csproj", "{2B8CEFE9-1279-4032-B29B-692C0ACE3C33}"
EndProject
Project("{2150E333-8FDC-42A3-9474-1A3956D46DE8}") = "Ordering", "Ordering", "{F9A09778-01A1-48B9-8599-ADD3F34E55ED}"
EndProject
Project("{FAE04EC0-301F-11D3-BF4B-00C04F79EFBC}") = "Ordering.Core", "src\Modules\Ordering\Ordering.Core\Ordering.Core.csproj", "{7174295A-6FA6-4DE4-8EDE-5C1D79E8917F}"
EndProject
Project("{FAE04EC0-301F-11D3-BF4B-00C04F79EFBC}") = "Ordering.Contracts", "src\Modules\Ordering\Ordering.Contracts\Ordering.Contracts.csproj", "{3F8F945B-CFBF-4DD7-806D-1D293843EAC2}"
EndProject
Project("{FAE04EC0-301F-11D3-BF4B-00C04F79EFBC}") = "Ordering.ApiContracts", "src\Modules\Ordering\Ordering.ApiContracts\Ordering.ApiContracts.csproj", "{EA75E611-08F7-4798-8209-A5161CAA3C01}"
EndProject
Project("{FAE04EC0-301F-11D3-BF4B-00C04F79EFBC}") = "Ordering.Infrastructure", "src\Modules\Ordering\Ordering.Infrastructure\Ordering.Infrastructure.csproj", "{3B5535A9-32F4-440B-BD3E-239D0BAB0A27}"
EndProject
Project("{2150E333-8FDC-42A3-9474-1A3956D46DE8}") = "Pay", "Pay", "{20409718-7759-45BD-8C53-992B56CE2E09}"
EndProject
Project("{FAE04EC0-301F-11D3-BF4B-00C04F79EFBC}") = "Pay.ApiContracts", "src\Modules\Pay\Pay.ApiContracts\Pay.ApiContracts.csproj", "{EEA1AD4F-3AA8-4D11-9D1E-99DBA1CF46B5}"
EndProject
Project("{FAE04EC0-301F-11D3-BF4B-00C04F79EFBC}") = "Pay.Contracts", "src\Modules\Pay\Pay.Contracts\Pay.Contracts.csproj", "{CE5A95C7-CC5A-4711-90CD-E61624179C14}"
EndProject
Project("{FAE04EC0-301F-11D3-BF4B-00C04F79EFBC}") = "Pay.Core", "src\Modules\Pay\Pay.Core\Pay.Core.csproj", "{E490CB57-1675-46B2-865C-9D09E22A31A8}"
EndProject
Project("{FAE04EC0-301F-11D3-BF4B-00C04F79EFBC}") = "Pay.Infrastructure", "src\Modules\Pay\Pay.Infrastructure\Pay.Infrastructure.csproj", "{91D80236-9F6E-44A9-8DBD-A7C974CCCBDD}"
EndProject
Project("{2150E333-8FDC-42A3-9474-1A3956D46DE8}") = "Reporting", "Reporting", "{416F495E-6104-4863-8D56-CA9F98EF484C}"
EndProject
Project("{FAE04EC0-301F-11D3-BF4B-00C04F79EFBC}") = "Reporting.Core", "src\Modules\Reporting\Reporting.Core\Reporting.Core.csproj", "{428B01B2-2F46-43B2-8D0C-B2BDB712D424}"
EndProject
Project("{FAE04EC0-301F-11D3-BF4B-00C04F79EFBC}") = "Reporting.Infrastructure", "src\Modules\Reporting\Reporting.Infrastructure\Reporting.Infrastructure.csproj", "{06C1FD0D-D811-45E2-AEAD-B935CD3D589E}"
EndProject
Project("{FAE04EC0-301F-11D3-BF4B-00C04F79EFBC}") = "Catalog.IntegrationTests", "tests\Catalog.IntegrationTests\Catalog.IntegrationTests.csproj", "{8C6D4F5F-18E5-4F20-97CF-A11B13567657}"
EndProject
Project("{FAE04EC0-301F-11D3-BF4B-00C04F79EFBC}") = "Ordering.IntegrationTests", "tests\Ordering.IntegrationTests\Ordering.IntegrationTests.csproj", "{7A96ADB9-F571-4293-88B2-285A16C59732}"
EndProject
Project("{FAE04EC0-301F-11D3-BF4B-00C04F79EFBC}") = "Pay.IntegrationTests", "tests\Pay.IntegrationTests\Pay.IntegrationTests.csproj", "{B64C0389-CD00-43AC-8670-CF0B5A32D675}"
EndProject
Project("{FAE04EC0-301F-11D3-BF4B-00C04F79EFBC}") = "Ecommerce.Api", "src\Ecommerce.Api\Ecommerce.Api.csproj", "{224A0828-82B6-4494-8242-24B2CA694212}"
EndProject
Project("{2150E333-8FDC-42A3-9474-1A3956D46DE8}") = "Presentation", "Presentation", "{C4257B6F-ED9A-473B-B3A2-068B7CF07654}"
EndProject
Project("{FAE04EC0-301F-11D3-BF4B-00C04F79EFBC}") = "Webapp", "src\Presentation\Webapp\Webapp\Webapp.csproj", "{42CF31E3-A2FE-4AD4-BB62-D43EBEF7C4CD}"
EndProject
Project("{FAE04EC0-301F-11D3-BF4B-00C04F79EFBC}") = "Webapp.Client", "src\Presentation\Webapp\Webapp.Client\Webapp.Client.csproj", "{78AAC99D-4BB5-407D-8854-E09D27B8CD90}"
EndProject
Global
	GlobalSection(SolutionConfigurationPlatforms) = preSolution
		Debug|Any CPU = Debug|Any CPU
		Release|Any CPU = Release|Any CPU
	EndGlobalSection
	GlobalSection(ProjectConfigurationPlatforms) = postSolution
		{4226778E-7DC0-43E1-ACC4-65B079602F09}.Debug|Any CPU.ActiveCfg = Debug|Any CPU
		{4226778E-7DC0-43E1-ACC4-65B079602F09}.Debug|Any CPU.Build.0 = Debug|Any CPU
		{4226778E-7DC0-43E1-ACC4-65B079602F09}.Release|Any CPU.ActiveCfg = Release|Any CPU
		{4226778E-7DC0-43E1-ACC4-65B079602F09}.Release|Any CPU.Build.0 = Release|Any CPU
		{20DA63BB-942F-4B33-A5DA-F49BCA6A941E}.Debug|Any CPU.ActiveCfg = Debug|Any CPU
		{20DA63BB-942F-4B33-A5DA-F49BCA6A941E}.Debug|Any CPU.Build.0 = Debug|Any CPU
		{20DA63BB-942F-4B33-A5DA-F49BCA6A941E}.Release|Any CPU.ActiveCfg = Release|Any CPU
		{20DA63BB-942F-4B33-A5DA-F49BCA6A941E}.Release|Any CPU.Build.0 = Release|Any CPU
		{DBD83196-461E-410A-8671-43D78217C7BA}.Debug|Any CPU.ActiveCfg = Debug|Any CPU
		{DBD83196-461E-410A-8671-43D78217C7BA}.Debug|Any CPU.Build.0 = Debug|Any CPU
		{DBD83196-461E-410A-8671-43D78217C7BA}.Release|Any CPU.ActiveCfg = Release|Any CPU
		{DBD83196-461E-410A-8671-43D78217C7BA}.Release|Any CPU.Build.0 = Release|Any CPU
		{04F402F5-E63E-4B2A-9A8B-E33DCC3C0003}.Debug|Any CPU.ActiveCfg = Debug|Any CPU
		{04F402F5-E63E-4B2A-9A8B-E33DCC3C0003}.Debug|Any CPU.Build.0 = Debug|Any CPU
		{04F402F5-E63E-4B2A-9A8B-E33DCC3C0003}.Release|Any CPU.ActiveCfg = Release|Any CPU
		{04F402F5-E63E-4B2A-9A8B-E33DCC3C0003}.Release|Any CPU.Build.0 = Release|Any CPU
		{3C3BE78E-F6F7-4F67-B969-D433B6CDD5EF}.Debug|Any CPU.ActiveCfg = Debug|Any CPU
		{3C3BE78E-F6F7-4F67-B969-D433B6CDD5EF}.Debug|Any CPU.Build.0 = Debug|Any CPU
		{3C3BE78E-F6F7-4F67-B969-D433B6CDD5EF}.Release|Any CPU.ActiveCfg = Release|Any CPU
		{3C3BE78E-F6F7-4F67-B969-D433B6CDD5EF}.Release|Any CPU.Build.0 = Release|Any CPU
		{A71FD705-B577-4A3C-9397-A400ED9EA331}.Debug|Any CPU.ActiveCfg = Debug|Any CPU
		{A71FD705-B577-4A3C-9397-A400ED9EA331}.Debug|Any CPU.Build.0 = Debug|Any CPU
		{A71FD705-B577-4A3C-9397-A400ED9EA331}.Release|Any CPU.ActiveCfg = Release|Any CPU
		{A71FD705-B577-4A3C-9397-A400ED9EA331}.Release|Any CPU.Build.0 = Release|Any CPU
		{2B8CEFE9-1279-4032-B29B-692C0ACE3C33}.Debug|Any CPU.ActiveCfg = Debug|Any CPU
		{2B8CEFE9-1279-4032-B29B-692C0ACE3C33}.Debug|Any CPU.Build.0 = Debug|Any CPU
		{2B8CEFE9-1279-4032-B29B-692C0ACE3C33}.Release|Any CPU.ActiveCfg = Release|Any CPU
		{2B8CEFE9-1279-4032-B29B-692C0ACE3C33}.Release|Any CPU.Build.0 = Release|Any CPU
		{7174295A-6FA6-4DE4-8EDE-5C1D79E8917F}.Debug|Any CPU.ActiveCfg = Debug|Any CPU
		{7174295A-6FA6-4DE4-8EDE-5C1D79E8917F}.Debug|Any CPU.Build.0 = Debug|Any CPU
		{7174295A-6FA6-4DE4-8EDE-5C1D79E8917F}.Release|Any CPU.ActiveCfg = Release|Any CPU
		{7174295A-6FA6-4DE4-8EDE-5C1D79E8917F}.Release|Any CPU.Build.0 = Release|Any CPU
		{3F8F945B-CFBF-4DD7-806D-1D293843EAC2}.Debug|Any CPU.ActiveCfg = Debug|Any CPU
		{3F8F945B-CFBF-4DD7-806D-1D293843EAC2}.Debug|Any CPU.Build.0 = Debug|Any CPU
		{3F8F945B-CFBF-4DD7-806D-1D293843EAC2}.Release|Any CPU.ActiveCfg = Release|Any CPU
		{3F8F945B-CFBF-4DD7-806D-1D293843EAC2}.Release|Any CPU.Build.0 = Release|Any CPU
		{EA75E611-08F7-4798-8209-A5161CAA3C01}.Debug|Any CPU.ActiveCfg = Debug|Any CPU
		{EA75E611-08F7-4798-8209-A5161CAA3C01}.Debug|Any CPU.Build.0 = Debug|Any CPU
		{EA75E611-08F7-4798-8209-A5161CAA3C01}.Release|Any CPU.ActiveCfg = Release|Any CPU
		{EA75E611-08F7-4798-8209-A5161CAA3C01}.Release|Any CPU.Build.0 = Release|Any CPU
		{3B5535A9-32F4-440B-BD3E-239D0BAB0A27}.Debug|Any CPU.ActiveCfg = Debug|Any CPU
		{3B5535A9-32F4-440B-BD3E-239D0BAB0A27}.Debug|Any CPU.Build.0 = Debug|Any CPU
		{3B5535A9-32F4-440B-BD3E-239D0BAB0A27}.Release|Any CPU.ActiveCfg = Release|Any CPU
		{3B5535A9-32F4-440B-BD3E-239D0BAB0A27}.Release|Any CPU.Build.0 = Release|Any CPU
		{EEA1AD4F-3AA8-4D11-9D1E-99DBA1CF46B5}.Debug|Any CPU.ActiveCfg = Debug|Any CPU
		{EEA1AD4F-3AA8-4D11-9D1E-99DBA1CF46B5}.Debug|Any CPU.Build.0 = Debug|Any CPU
		{EEA1AD4F-3AA8-4D11-9D1E-99DBA1CF46B5}.Release|Any CPU.ActiveCfg = Release|Any CPU
		{EEA1AD4F-3AA8-4D11-9D1E-99DBA1CF46B5}.Release|Any CPU.Build.0 = Release|Any CPU
		{CE5A95C7-CC5A-4711-90CD-E61624179C14}.Debug|Any CPU.ActiveCfg = Debug|Any CPU
		{CE5A95C7-CC5A-4711-90CD-E61624179C14}.Debug|Any CPU.Build.0 = Debug|Any CPU
		{CE5A95C7-CC5A-4711-90CD-E61624179C14}.Release|Any CPU.ActiveCfg = Release|Any CPU
		{CE5A95C7-CC5A-4711-90CD-E61624179C14}.Release|Any CPU.Build.0 = Release|Any CPU
		{E490CB57-1675-46B2-865C-9D09E22A31A8}.Debug|Any CPU.ActiveCfg = Debug|Any CPU
		{E490CB57-1675-46B2-865C-9D09E22A31A8}.Debug|Any CPU.Build.0 = Debug|Any CPU
		{E490CB57-1675-46B2-865C-9D09E22A31A8}.Release|Any CPU.ActiveCfg = Release|Any CPU
		{E490CB57-1675-46B2-865C-9D09E22A31A8}.Release|Any CPU.Build.0 = Release|Any CPU
		{91D80236-9F6E-44A9-8DBD-A7C974CCCBDD}.Debug|Any CPU.ActiveCfg = Debug|Any CPU
		{91D80236-9F6E-44A9-8DBD-A7C974CCCBDD}.Debug|Any CPU.Build.0 = Debug|Any CPU
		{91D80236-9F6E-44A9-8DBD-A7C974CCCBDD}.Release|Any CPU.ActiveCfg = Release|Any CPU
		{91D80236-9F6E-44A9-8DBD-A7C974CCCBDD}.Release|Any CPU.Build.0 = Release|Any CPU
		{428B01B2-2F46-43B2-8D0C-B2BDB712D424}.Debug|Any CPU.ActiveCfg = Debug|Any CPU
		{428B01B2-2F46-43B2-8D0C-B2BDB712D424}.Debug|Any CPU.Build.0 = Debug|Any CPU
		{428B01B2-2F46-43B2-8D0C-B2BDB712D424}.Release|Any CPU.ActiveCfg = Release|Any CPU
		{428B01B2-2F46-43B2-8D0C-B2BDB712D424}.Release|Any CPU.Build.0 = Release|Any CPU
		{06C1FD0D-D811-45E2-AEAD-B935CD3D589E}.Debug|Any CPU.ActiveCfg = Debug|Any CPU
		{06C1FD0D-D811-45E2-AEAD-B935CD3D589E}.Debug|Any CPU.Build.0 = Debug|Any CPU
		{06C1FD0D-D811-45E2-AEAD-B935CD3D589E}.Release|Any CPU.ActiveCfg = Release|Any CPU
		{06C1FD0D-D811-45E2-AEAD-B935CD3D589E}.Release|Any CPU.Build.0 = Release|Any CPU
		{8C6D4F5F-18E5-4F20-97CF-A11B13567657}.Debug|Any CPU.ActiveCfg = Debug|Any CPU
		{8C6D4F5F-18E5-4F20-97CF-A11B13567657}.Debug|Any CPU.Build.0 = Debug|Any CPU
		{8C6D4F5F-18E5-4F20-97CF-A11B13567657}.Release|Any CPU.ActiveCfg = Release|Any CPU
		{8C6D4F5F-18E5-4F20-97CF-A11B13567657}.Release|Any CPU.Build.0 = Release|Any CPU
		{7A96ADB9-F571-4293-88B2-285A16C59732}.Debug|Any CPU.ActiveCfg = Debug|Any CPU
		{7A96ADB9-F571-4293-88B2-285A16C59732}.Debug|Any CPU.Build.0 = Debug|Any CPU
		{7A96ADB9-F571-4293-88B2-285A16C59732}.Release|Any CPU.ActiveCfg = Release|Any CPU
		{7A96ADB9-F571-4293-88B2-285A16C59732}.Release|Any CPU.Build.0 = Release|Any CPU
		{B64C0389-CD00-43AC-8670-CF0B5A32D675}.Debug|Any CPU.ActiveCfg = Debug|Any CPU
		{B64C0389-CD00-43AC-8670-CF0B5A32D675}.Debug|Any CPU.Build.0 = Debug|Any CPU
		{B64C0389-CD00-43AC-8670-CF0B5A32D675}.Release|Any CPU.ActiveCfg = Release|Any CPU
		{B64C0389-CD00-43AC-8670-CF0B5A32D675}.Release|Any CPU.Build.0 = Release|Any CPU
		{224A0828-82B6-4494-8242-24B2CA694212}.Debug|Any CPU.ActiveCfg = Debug|Any CPU
		{224A0828-82B6-4494-8242-24B2CA694212}.Debug|Any CPU.Build.0 = Debug|Any CPU
		{224A0828-82B6-4494-8242-24B2CA694212}.Release|Any CPU.ActiveCfg = Release|Any CPU
		{224A0828-82B6-4494-8242-24B2CA694212}.Release|Any CPU.Build.0 = Release|Any CPU
		{42CF31E3-A2FE-4AD4-BB62-D43EBEF7C4CD}.Debug|Any CPU.ActiveCfg = Debug|Any CPU
		{42CF31E3-A2FE-4AD4-BB62-D43EBEF7C4CD}.Debug|Any CPU.Build.0 = Debug|Any CPU
		{42CF31E3-A2FE-4AD4-BB62-D43EBEF7C4CD}.Release|Any CPU.ActiveCfg = Release|Any CPU
		{42CF31E3-A2FE-4AD4-BB62-D43EBEF7C4CD}.Release|Any CPU.Build.0 = Release|Any CPU
		{78AAC99D-4BB5-407D-8854-E09D27B8CD90}.Debug|Any CPU.ActiveCfg = Debug|Any CPU
		{78AAC99D-4BB5-407D-8854-E09D27B8CD90}.Debug|Any CPU.Build.0 = Debug|Any CPU
		{78AAC99D-4BB5-407D-8854-E09D27B8CD90}.Release|Any CPU.ActiveCfg = Release|Any CPU
		{78AAC99D-4BB5-407D-8854-E09D27B8CD90}.Release|Any CPU.Build.0 = Release|Any CPU
	EndGlobalSection
	GlobalSection(SolutionProperties) = preSolution
		HideSolutionNode = FALSE
	EndGlobalSection
	GlobalSection(NestedProjects) = preSolution
		{0540E962-42EB-4D98-B0ED-D5AE08468921} = {452E30CF-7B9F-4FED-BD54-0494CBF3341D}
		{20DA63BB-942F-4B33-A5DA-F49BCA6A941E} = {F94C9D03-7FAB-4E13-96BE-E755D62FD2D5}
		{F94C9D03-7FAB-4E13-96BE-E755D62FD2D5} = {0540E962-42EB-4D98-B0ED-D5AE08468921}
		{DBD83196-461E-410A-8671-43D78217C7BA} = {F94C9D03-7FAB-4E13-96BE-E755D62FD2D5}
		{04F402F5-E63E-4B2A-9A8B-E33DCC3C0003} = {F94C9D03-7FAB-4E13-96BE-E755D62FD2D5}
		{3C3BE78E-F6F7-4F67-B969-D433B6CDD5EF} = {F94C9D03-7FAB-4E13-96BE-E755D62FD2D5}
		{A71FD705-B577-4A3C-9397-A400ED9EA331} = {E07C730B-6E53-460C-9FD4-7FB9E84A7297}
		{E07C730B-6E53-460C-9FD4-7FB9E84A7297} = {452E30CF-7B9F-4FED-BD54-0494CBF3341D}
		{2B8CEFE9-1279-4032-B29B-692C0ACE3C33} = {E07C730B-6E53-460C-9FD4-7FB9E84A7297}
		{F9A09778-01A1-48B9-8599-ADD3F34E55ED} = {0540E962-42EB-4D98-B0ED-D5AE08468921}
		{7174295A-6FA6-4DE4-8EDE-5C1D79E8917F} = {F9A09778-01A1-48B9-8599-ADD3F34E55ED}
		{3F8F945B-CFBF-4DD7-806D-1D293843EAC2} = {F9A09778-01A1-48B9-8599-ADD3F34E55ED}
		{EA75E611-08F7-4798-8209-A5161CAA3C01} = {F9A09778-01A1-48B9-8599-ADD3F34E55ED}
		{3B5535A9-32F4-440B-BD3E-239D0BAB0A27} = {F9A09778-01A1-48B9-8599-ADD3F34E55ED}
		{20409718-7759-45BD-8C53-992B56CE2E09} = {0540E962-42EB-4D98-B0ED-D5AE08468921}
		{EEA1AD4F-3AA8-4D11-9D1E-99DBA1CF46B5} = {20409718-7759-45BD-8C53-992B56CE2E09}
		{CE5A95C7-CC5A-4711-90CD-E61624179C14} = {20409718-7759-45BD-8C53-992B56CE2E09}
		{E490CB57-1675-46B2-865C-9D09E22A31A8} = {20409718-7759-45BD-8C53-992B56CE2E09}
		{91D80236-9F6E-44A9-8DBD-A7C974CCCBDD} = {20409718-7759-45BD-8C53-992B56CE2E09}
		{416F495E-6104-4863-8D56-CA9F98EF484C} = {0540E962-42EB-4D98-B0ED-D5AE08468921}
		{428B01B2-2F46-43B2-8D0C-B2BDB712D424} = {416F495E-6104-4863-8D56-CA9F98EF484C}
		{06C1FD0D-D811-45E2-AEAD-B935CD3D589E} = {416F495E-6104-4863-8D56-CA9F98EF484C}
		{8C6D4F5F-18E5-4F20-97CF-A11B13567657} = {E1A5E860-0C0E-49AE-A8B4-51A4ABAFE78B}
		{7A96ADB9-F571-4293-88B2-285A16C59732} = {E1A5E860-0C0E-49AE-A8B4-51A4ABAFE78B}
		{B64C0389-CD00-43AC-8670-CF0B5A32D675} = {E1A5E860-0C0E-49AE-A8B4-51A4ABAFE78B}
		{224A0828-82B6-4494-8242-24B2CA694212} = {452E30CF-7B9F-4FED-BD54-0494CBF3341D}
		{C4257B6F-ED9A-473B-B3A2-068B7CF07654} = {452E30CF-7B9F-4FED-BD54-0494CBF3341D}
		{42CF31E3-A2FE-4AD4-BB62-D43EBEF7C4CD} = {C4257B6F-ED9A-473B-B3A2-068B7CF07654}
		{78AAC99D-4BB5-407D-8854-E09D27B8CD90} = {C4257B6F-ED9A-473B-B3A2-068B7CF07654}
	EndGlobalSection
	GlobalSection(ExtensibilityGlobals) = postSolution
		FileExplorer = src\
		SolutionGuid = {FD6A2B0E-7C4C-4772-A1B0-F3455479408C}
	EndGlobalSection
EndGlobal
