
Microsoft Visual Studio Solution File, Format Version 12.00
# Visual Studio Version 17
VisualStudioVersion = 17.9.34701.34
MinimumVisualStudioVersion = 10.0.40219.1
Project("{2150E333-8FDC-42A3-9474-1A3956D46DE8}") = "Solution Items", "Solution Items", "{3781C108-C144-465A-873C-488253C7B2F8}"
	ProjectSection(SolutionItems) = preProject
		.editorconfig = .editorconfig
	EndProjectSection
EndProject
Project("{E53339B2-1760-4266-BCC7-CA923CBCF16C}") = "docker-compose", "docker-compose.dcproj", "{4226778E-7DC0-43E1-ACC4-65B079602F09}"
EndProject
Project("{2150E333-8FDC-42A3-9474-1A3956D46DE8}") = "Catalog", "Catalog", "{94252D1F-306A-46BE-8984-09F146FBDCE8}"
EndProject
Project("{2150E333-8FDC-42A3-9474-1A3956D46DE8}") = "Common", "Common", "{3F9F8AE2-F7BF-44A6-BBE8-8273E06A63F8}"
EndProject
Project("{FAE04EC0-301F-11D3-BF4B-00C04F79EFBC}") = "Common.Domain", "Common\Common.Domain\Common.Domain.csproj", "{E22D0FBB-1035-43D3-B9B9-465E323E6B0C}"
EndProject
Project("{2150E333-8FDC-42A3-9474-1A3956D46DE8}") = "Ordering", "Ordering", "{CC953456-298D-47EF-A853-5D4BDBB98148}"
EndProject
Project("{2150E333-8FDC-42A3-9474-1A3956D46DE8}") = "Promotion", "Promotion", "{785F8582-4C72-4658-A9BF-DC15622E11BD}"
EndProject
Project("{FAE04EC0-301F-11D3-BF4B-00C04F79EFBC}") = "Promotion.Domain", "Promotion\Promotion.Domain\Promotion.Domain.csproj", "{4611F5DC-D9B2-4B0F-A88E-E74889765F29}"
EndProject
Project("{FAE04EC0-301F-11D3-BF4B-00C04F79EFBC}") = "Catalog.Domain", "Catalog\Catalog.Domain\Catalog.Domain.csproj", "{4A434726-36F9-4475-8649-8623DAB6CDED}"
EndProject
Project("{FAE04EC0-301F-11D3-BF4B-00C04F79EFBC}") = "Catalog.Contracts", "Catalog\Catalog.Contracts\Catalog.Contracts.csproj", "{36F98A82-0A9F-4BF3-B23D-E5A36FD30437}"
EndProject
Project("{FAE04EC0-301F-11D3-BF4B-00C04F79EFBC}") = "Ordering.Domain", "Ordering\Ordering.Domain\Ordering.Domain.csproj", "{9FF03ECB-65E6-4062-B81A-8822CD415DCE}"
EndProject
Project("{2150E333-8FDC-42A3-9474-1A3956D46DE8}") = "UI", "UI", "{EEBEF828-1690-4F77-A99A-29FB3382999C}"
EndProject
Project("{FAE04EC0-301F-11D3-BF4B-00C04F79EFBC}") = "Catalog.Infrastructure", "Catalog\Catalog.Infrastructure\Catalog.Infrastructure.csproj", "{547B0DF5-74B5-4943-82BB-0CF9C2CC22BD}"
EndProject
Project("{FAE04EC0-301F-11D3-BF4B-00C04F79EFBC}") = "Promotion.Infrastructure", "Promotion\Promotion.Infrastructure\Promotion.Infrastructure.csproj", "{3AA5EB21-D03D-46B4-B6A8-6D51C897D980}"
EndProject
Project("{FAE04EC0-301F-11D3-BF4B-00C04F79EFBC}") = "Ordering.Infrastructure", "Ordering\Ordering.Infrastructure\Ordering.Infrastructure.csproj", "{C862EE04-73A6-409A-9BFC-628C5886EC3C}"
EndProject
Project("{FAE04EC0-301F-11D3-BF4B-00C04F79EFBC}") = "Catalog.Application", "Catalog\Catalog.Application\Catalog.Application.csproj", "{7DEC1491-0FE7-4739-B0FE-33990D561A2D}"
EndProject
Project("{FAE04EC0-301F-11D3-BF4B-00C04F79EFBC}") = "Promotion.Application", "Promotion\Promotion.Application\Promotion.Application.csproj", "{7562E418-A389-4765-B58C-D049DF52CCFE}"
EndProject
Project("{FAE04EC0-301F-11D3-BF4B-00C04F79EFBC}") = "Ordering.Application", "Ordering\Ordering.Application\Ordering.Application.csproj", "{1749C3E8-88E3-46E7-88FB-F4296C6B9970}"
EndProject
Project("{FAE04EC0-301F-11D3-BF4B-00C04F79EFBC}") = "Common.Application", "Common\Common.Application\Common.Application.csproj", "{52E1842D-6E42-40A2-99FD-4CC9D3B84046}"
EndProject
Project("{FAE04EC0-301F-11D3-BF4B-00C04F79EFBC}") = "AdminDashboard", "UI\AdminDashboard\AdminDashboard\AdminDashboard.csproj", "{6B939DCD-3C5A-4242-AB2A-3C1596652138}"
EndProject
Project("{FAE04EC0-301F-11D3-BF4B-00C04F79EFBC}") = "AdminDashboard.Client", "UI\AdminDashboard\AdminDashboard.Client\AdminDashboard.Client.csproj", "{E5DA86E0-910F-40F4-AC27-12E755F5DBCD}"
EndProject
Project("{FAE04EC0-301F-11D3-BF4B-00C04F79EFBC}") = "Catalog.ApiContracts", "Catalog\Catalog.ApiContracts\Catalog.ApiContracts.csproj", "{6BB57765-64A8-49D8-8A44-FD257BD9954E}"
EndProject
Project("{FAE04EC0-301F-11D3-BF4B-00C04F79EFBC}") = "Ordering.ApiContracts", "Ordering\Ordering.ApiContracts\Ordering.ApiContracts.csproj", "{3F22ACC3-E81E-46F6-B7E7-89CB9C0426E3}"
EndProject
Project("{FAE04EC0-301F-11D3-BF4B-00C04F79EFBC}") = "Promotion.ApiContracts", "Promotion\Promotion.ApiContracts\Promotion.ApiContracts.csproj", "{4E2BDE51-54D3-4084-A5C0-5EBC196D21B6}"
EndProject
Project("{2150E333-8FDC-42A3-9474-1A3956D46DE8}") = "Payment", "Payment", "{AC2E32B4-EA5E-4787-AF5E-3C4FD2B6096D}"
EndProject
Project("{FAE04EC0-301F-11D3-BF4B-00C04F79EFBC}") = "Payment.Domain", "Payment\Payment.Domain\Payment.Domain.csproj", "{8D1320C9-F184-47B0-9003-315AA7D00AF3}"
EndProject
Project("{FAE04EC0-301F-11D3-BF4B-00C04F79EFBC}") = "Payment.Application", "Payment\Payment.Application\Payment.Application.csproj", "{DEB86931-0FA1-4F7E-9DF8-DABD2B9B9328}"
EndProject
Project("{FAE04EC0-301F-11D3-BF4B-00C04F79EFBC}") = "Payment.Infrastructure", "Payment\Payment.Infrastructure\Payment.Infrastructure.csproj", "{8CA794D0-1A65-44FF-8E19-9C545AD145A2}"
EndProject
Project("{FAE04EC0-301F-11D3-BF4B-00C04F79EFBC}") = "Catalog.Application.UnitTests", "Catalog\Catalog.Application.UnitTests\Catalog.Application.UnitTests.csproj", "{F57C4BE2-4393-44DE-97C8-1BD3EA43B026}"
EndProject
Project("{FAE04EC0-301F-11D3-BF4B-00C04F79EFBC}") = "Promotion.Application.UnitTests", "Promotion\Promotion.Application.UnitTests\Promotion.Application.UnitTests.csproj", "{40FEB8F4-0524-4E7B-AE3F-ACEE4F82AAAB}"
EndProject
Project("{FAE04EC0-301F-11D3-BF4B-00C04F79EFBC}") = "Ecommerce.Api", "Ecommerce.Api\Ecommerce.Api.csproj", "{A8942A5A-D686-4B7F-AAE1-270A27AFE146}"
EndProject
Project("{FAE04EC0-301F-11D3-BF4B-00C04F79EFBC}") = "Common.Infrastructure", "Common\Common.Infrastructure\Common.Infrastructure\Common.Infrastructure.csproj", "{DF26088F-10F7-47F8-AE7B-681B67BC5A10}"
EndProject
Project("{FAE04EC0-301F-11D3-BF4B-00C04F79EFBC}") = "Ordering.Contracts", "Ordering\Ordering.Contracts\Ordering.Contracts.csproj", "{3F5FAC93-661B-4DFB-BC2E-686A3CFB841F}"
EndProject
Global
	GlobalSection(SolutionConfigurationPlatforms) = preSolution
		Debug|Any CPU = Debug|Any CPU
		Release|Any CPU = Release|Any CPU
	EndGlobalSection
	GlobalSection(ProjectConfigurationPlatforms) = postSolution
		{4226778E-7DC0-43E1-ACC4-65B079602F09}.Debug|Any CPU.ActiveCfg = Debug|Any CPU
		{4226778E-7DC0-43E1-ACC4-65B079602F09}.Debug|Any CPU.Build.0 = Debug|Any CPU
		{4226778E-7DC0-43E1-ACC4-65B079602F09}.Release|Any CPU.ActiveCfg = Release|Any CPU
		{4226778E-7DC0-43E1-ACC4-65B079602F09}.Release|Any CPU.Build.0 = Release|Any CPU
		{E22D0FBB-1035-43D3-B9B9-465E323E6B0C}.Debug|Any CPU.ActiveCfg = Debug|Any CPU
		{E22D0FBB-1035-43D3-B9B9-465E323E6B0C}.Debug|Any CPU.Build.0 = Debug|Any CPU
		{E22D0FBB-1035-43D3-B9B9-465E323E6B0C}.Release|Any CPU.ActiveCfg = Release|Any CPU
		{E22D0FBB-1035-43D3-B9B9-465E323E6B0C}.Release|Any CPU.Build.0 = Release|Any CPU
		{4611F5DC-D9B2-4B0F-A88E-E74889765F29}.Debug|Any CPU.ActiveCfg = Debug|Any CPU
		{4611F5DC-D9B2-4B0F-A88E-E74889765F29}.Debug|Any CPU.Build.0 = Debug|Any CPU
		{4611F5DC-D9B2-4B0F-A88E-E74889765F29}.Release|Any CPU.ActiveCfg = Release|Any CPU
		{4611F5DC-D9B2-4B0F-A88E-E74889765F29}.Release|Any CPU.Build.0 = Release|Any CPU
		{4A434726-36F9-4475-8649-8623DAB6CDED}.Debug|Any CPU.ActiveCfg = Debug|Any CPU
		{4A434726-36F9-4475-8649-8623DAB6CDED}.Debug|Any CPU.Build.0 = Debug|Any CPU
		{4A434726-36F9-4475-8649-8623DAB6CDED}.Release|Any CPU.ActiveCfg = Release|Any CPU
		{4A434726-36F9-4475-8649-8623DAB6CDED}.Release|Any CPU.Build.0 = Release|Any CPU
		{36F98A82-0A9F-4BF3-B23D-E5A36FD30437}.Debug|Any CPU.ActiveCfg = Debug|Any CPU
		{36F98A82-0A9F-4BF3-B23D-E5A36FD30437}.Debug|Any CPU.Build.0 = Debug|Any CPU
		{36F98A82-0A9F-4BF3-B23D-E5A36FD30437}.Release|Any CPU.ActiveCfg = Release|Any CPU
		{36F98A82-0A9F-4BF3-B23D-E5A36FD30437}.Release|Any CPU.Build.0 = Release|Any CPU
		{9FF03ECB-65E6-4062-B81A-8822CD415DCE}.Debug|Any CPU.ActiveCfg = Debug|Any CPU
		{9FF03ECB-65E6-4062-B81A-8822CD415DCE}.Debug|Any CPU.Build.0 = Debug|Any CPU
		{9FF03ECB-65E6-4062-B81A-8822CD415DCE}.Release|Any CPU.ActiveCfg = Release|Any CPU
		{9FF03ECB-65E6-4062-B81A-8822CD415DCE}.Release|Any CPU.Build.0 = Release|Any CPU
		{547B0DF5-74B5-4943-82BB-0CF9C2CC22BD}.Debug|Any CPU.ActiveCfg = Debug|Any CPU
		{547B0DF5-74B5-4943-82BB-0CF9C2CC22BD}.Debug|Any CPU.Build.0 = Debug|Any CPU
		{547B0DF5-74B5-4943-82BB-0CF9C2CC22BD}.Release|Any CPU.ActiveCfg = Release|Any CPU
		{547B0DF5-74B5-4943-82BB-0CF9C2CC22BD}.Release|Any CPU.Build.0 = Release|Any CPU
		{3AA5EB21-D03D-46B4-B6A8-6D51C897D980}.Debug|Any CPU.ActiveCfg = Debug|Any CPU
		{3AA5EB21-D03D-46B4-B6A8-6D51C897D980}.Debug|Any CPU.Build.0 = Debug|Any CPU
		{3AA5EB21-D03D-46B4-B6A8-6D51C897D980}.Release|Any CPU.ActiveCfg = Release|Any CPU
		{3AA5EB21-D03D-46B4-B6A8-6D51C897D980}.Release|Any CPU.Build.0 = Release|Any CPU
		{C862EE04-73A6-409A-9BFC-628C5886EC3C}.Debug|Any CPU.ActiveCfg = Debug|Any CPU
		{C862EE04-73A6-409A-9BFC-628C5886EC3C}.Debug|Any CPU.Build.0 = Debug|Any CPU
		{C862EE04-73A6-409A-9BFC-628C5886EC3C}.Release|Any CPU.ActiveCfg = Release|Any CPU
		{C862EE04-73A6-409A-9BFC-628C5886EC3C}.Release|Any CPU.Build.0 = Release|Any CPU
		{7DEC1491-0FE7-4739-B0FE-33990D561A2D}.Debug|Any CPU.ActiveCfg = Debug|Any CPU
		{7DEC1491-0FE7-4739-B0FE-33990D561A2D}.Debug|Any CPU.Build.0 = Debug|Any CPU
		{7DEC1491-0FE7-4739-B0FE-33990D561A2D}.Release|Any CPU.ActiveCfg = Release|Any CPU
		{7DEC1491-0FE7-4739-B0FE-33990D561A2D}.Release|Any CPU.Build.0 = Release|Any CPU
		{7562E418-A389-4765-B58C-D049DF52CCFE}.Debug|Any CPU.ActiveCfg = Debug|Any CPU
		{7562E418-A389-4765-B58C-D049DF52CCFE}.Debug|Any CPU.Build.0 = Debug|Any CPU
		{7562E418-A389-4765-B58C-D049DF52CCFE}.Release|Any CPU.ActiveCfg = Release|Any CPU
		{7562E418-A389-4765-B58C-D049DF52CCFE}.Release|Any CPU.Build.0 = Release|Any CPU
		{1749C3E8-88E3-46E7-88FB-F4296C6B9970}.Debug|Any CPU.ActiveCfg = Debug|Any CPU
		{1749C3E8-88E3-46E7-88FB-F4296C6B9970}.Debug|Any CPU.Build.0 = Debug|Any CPU
		{1749C3E8-88E3-46E7-88FB-F4296C6B9970}.Release|Any CPU.ActiveCfg = Release|Any CPU
		{1749C3E8-88E3-46E7-88FB-F4296C6B9970}.Release|Any CPU.Build.0 = Release|Any CPU
		{52E1842D-6E42-40A2-99FD-4CC9D3B84046}.Debug|Any CPU.ActiveCfg = Debug|Any CPU
		{52E1842D-6E42-40A2-99FD-4CC9D3B84046}.Debug|Any CPU.Build.0 = Debug|Any CPU
		{52E1842D-6E42-40A2-99FD-4CC9D3B84046}.Release|Any CPU.ActiveCfg = Release|Any CPU
		{52E1842D-6E42-40A2-99FD-4CC9D3B84046}.Release|Any CPU.Build.0 = Release|Any CPU
		{6B939DCD-3C5A-4242-AB2A-3C1596652138}.Debug|Any CPU.ActiveCfg = Debug|Any CPU
		{6B939DCD-3C5A-4242-AB2A-3C1596652138}.Debug|Any CPU.Build.0 = Debug|Any CPU
		{6B939DCD-3C5A-4242-AB2A-3C1596652138}.Release|Any CPU.ActiveCfg = Release|Any CPU
		{6B939DCD-3C5A-4242-AB2A-3C1596652138}.Release|Any CPU.Build.0 = Release|Any CPU
		{E5DA86E0-910F-40F4-AC27-12E755F5DBCD}.Debug|Any CPU.ActiveCfg = Debug|Any CPU
		{E5DA86E0-910F-40F4-AC27-12E755F5DBCD}.Debug|Any CPU.Build.0 = Debug|Any CPU
		{E5DA86E0-910F-40F4-AC27-12E755F5DBCD}.Release|Any CPU.ActiveCfg = Release|Any CPU
		{E5DA86E0-910F-40F4-AC27-12E755F5DBCD}.Release|Any CPU.Build.0 = Release|Any CPU
		{6BB57765-64A8-49D8-8A44-FD257BD9954E}.Debug|Any CPU.ActiveCfg = Debug|Any CPU
		{6BB57765-64A8-49D8-8A44-FD257BD9954E}.Debug|Any CPU.Build.0 = Debug|Any CPU
		{6BB57765-64A8-49D8-8A44-FD257BD9954E}.Release|Any CPU.ActiveCfg = Release|Any CPU
		{6BB57765-64A8-49D8-8A44-FD257BD9954E}.Release|Any CPU.Build.0 = Release|Any CPU
		{3F22ACC3-E81E-46F6-B7E7-89CB9C0426E3}.Debug|Any CPU.ActiveCfg = Debug|Any CPU
		{3F22ACC3-E81E-46F6-B7E7-89CB9C0426E3}.Debug|Any CPU.Build.0 = Debug|Any CPU
		{3F22ACC3-E81E-46F6-B7E7-89CB9C0426E3}.Release|Any CPU.ActiveCfg = Release|Any CPU
		{3F22ACC3-E81E-46F6-B7E7-89CB9C0426E3}.Release|Any CPU.Build.0 = Release|Any CPU
		{4E2BDE51-54D3-4084-A5C0-5EBC196D21B6}.Debug|Any CPU.ActiveCfg = Debug|Any CPU
		{4E2BDE51-54D3-4084-A5C0-5EBC196D21B6}.Debug|Any CPU.Build.0 = Debug|Any CPU
		{4E2BDE51-54D3-4084-A5C0-5EBC196D21B6}.Release|Any CPU.ActiveCfg = Release|Any CPU
		{4E2BDE51-54D3-4084-A5C0-5EBC196D21B6}.Release|Any CPU.Build.0 = Release|Any CPU
		{8D1320C9-F184-47B0-9003-315AA7D00AF3}.Debug|Any CPU.ActiveCfg = Debug|Any CPU
		{8D1320C9-F184-47B0-9003-315AA7D00AF3}.Debug|Any CPU.Build.0 = Debug|Any CPU
		{8D1320C9-F184-47B0-9003-315AA7D00AF3}.Release|Any CPU.ActiveCfg = Release|Any CPU
		{8D1320C9-F184-47B0-9003-315AA7D00AF3}.Release|Any CPU.Build.0 = Release|Any CPU
		{DEB86931-0FA1-4F7E-9DF8-DABD2B9B9328}.Debug|Any CPU.ActiveCfg = Debug|Any CPU
		{DEB86931-0FA1-4F7E-9DF8-DABD2B9B9328}.Debug|Any CPU.Build.0 = Debug|Any CPU
		{DEB86931-0FA1-4F7E-9DF8-DABD2B9B9328}.Release|Any CPU.ActiveCfg = Release|Any CPU
		{DEB86931-0FA1-4F7E-9DF8-DABD2B9B9328}.Release|Any CPU.Build.0 = Release|Any CPU
		{8CA794D0-1A65-44FF-8E19-9C545AD145A2}.Debug|Any CPU.ActiveCfg = Debug|Any CPU
		{8CA794D0-1A65-44FF-8E19-9C545AD145A2}.Debug|Any CPU.Build.0 = Debug|Any CPU
		{8CA794D0-1A65-44FF-8E19-9C545AD145A2}.Release|Any CPU.ActiveCfg = Release|Any CPU
		{8CA794D0-1A65-44FF-8E19-9C545AD145A2}.Release|Any CPU.Build.0 = Release|Any CPU
		{F57C4BE2-4393-44DE-97C8-1BD3EA43B026}.Debug|Any CPU.ActiveCfg = Debug|Any CPU
		{F57C4BE2-4393-44DE-97C8-1BD3EA43B026}.Debug|Any CPU.Build.0 = Debug|Any CPU
		{F57C4BE2-4393-44DE-97C8-1BD3EA43B026}.Release|Any CPU.ActiveCfg = Release|Any CPU
		{F57C4BE2-4393-44DE-97C8-1BD3EA43B026}.Release|Any CPU.Build.0 = Release|Any CPU
		{40FEB8F4-0524-4E7B-AE3F-ACEE4F82AAAB}.Debug|Any CPU.ActiveCfg = Debug|Any CPU
		{40FEB8F4-0524-4E7B-AE3F-ACEE4F82AAAB}.Debug|Any CPU.Build.0 = Debug|Any CPU
		{40FEB8F4-0524-4E7B-AE3F-ACEE4F82AAAB}.Release|Any CPU.ActiveCfg = Release|Any CPU
		{40FEB8F4-0524-4E7B-AE3F-ACEE4F82AAAB}.Release|Any CPU.Build.0 = Release|Any CPU
		{A8942A5A-D686-4B7F-AAE1-270A27AFE146}.Debug|Any CPU.ActiveCfg = Debug|Any CPU
		{A8942A5A-D686-4B7F-AAE1-270A27AFE146}.Debug|Any CPU.Build.0 = Debug|Any CPU
		{A8942A5A-D686-4B7F-AAE1-270A27AFE146}.Release|Any CPU.ActiveCfg = Release|Any CPU
		{A8942A5A-D686-4B7F-AAE1-270A27AFE146}.Release|Any CPU.Build.0 = Release|Any CPU
		{DF26088F-10F7-47F8-AE7B-681B67BC5A10}.Debug|Any CPU.ActiveCfg = Debug|Any CPU
		{DF26088F-10F7-47F8-AE7B-681B67BC5A10}.Debug|Any CPU.Build.0 = Debug|Any CPU
		{DF26088F-10F7-47F8-AE7B-681B67BC5A10}.Release|Any CPU.ActiveCfg = Release|Any CPU
		{DF26088F-10F7-47F8-AE7B-681B67BC5A10}.Release|Any CPU.Build.0 = Release|Any CPU
		{3F5FAC93-661B-4DFB-BC2E-686A3CFB841F}.Debug|Any CPU.ActiveCfg = Debug|Any CPU
		{3F5FAC93-661B-4DFB-BC2E-686A3CFB841F}.Debug|Any CPU.Build.0 = Debug|Any CPU
		{3F5FAC93-661B-4DFB-BC2E-686A3CFB841F}.Release|Any CPU.ActiveCfg = Release|Any CPU
		{3F5FAC93-661B-4DFB-BC2E-686A3CFB841F}.Release|Any CPU.Build.0 = Release|Any CPU
	EndGlobalSection
	GlobalSection(SolutionProperties) = preSolution
		HideSolutionNode = FALSE
	EndGlobalSection
	GlobalSection(NestedProjects) = preSolution
		{E22D0FBB-1035-43D3-B9B9-465E323E6B0C} = {3F9F8AE2-F7BF-44A6-BBE8-8273E06A63F8}
		{4611F5DC-D9B2-4B0F-A88E-E74889765F29} = {785F8582-4C72-4658-A9BF-DC15622E11BD}
		{4A434726-36F9-4475-8649-8623DAB6CDED} = {94252D1F-306A-46BE-8984-09F146FBDCE8}
		{36F98A82-0A9F-4BF3-B23D-E5A36FD30437} = {94252D1F-306A-46BE-8984-09F146FBDCE8}
		{9FF03ECB-65E6-4062-B81A-8822CD415DCE} = {CC953456-298D-47EF-A853-5D4BDBB98148}
		{547B0DF5-74B5-4943-82BB-0CF9C2CC22BD} = {94252D1F-306A-46BE-8984-09F146FBDCE8}
		{3AA5EB21-D03D-46B4-B6A8-6D51C897D980} = {785F8582-4C72-4658-A9BF-DC15622E11BD}
		{C862EE04-73A6-409A-9BFC-628C5886EC3C} = {CC953456-298D-47EF-A853-5D4BDBB98148}
		{7DEC1491-0FE7-4739-B0FE-33990D561A2D} = {94252D1F-306A-46BE-8984-09F146FBDCE8}
		{7562E418-A389-4765-B58C-D049DF52CCFE} = {785F8582-4C72-4658-A9BF-DC15622E11BD}
		{1749C3E8-88E3-46E7-88FB-F4296C6B9970} = {CC953456-298D-47EF-A853-5D4BDBB98148}
		{52E1842D-6E42-40A2-99FD-4CC9D3B84046} = {3F9F8AE2-F7BF-44A6-BBE8-8273E06A63F8}
		{6B939DCD-3C5A-4242-AB2A-3C1596652138} = {EEBEF828-1690-4F77-A99A-29FB3382999C}
		{E5DA86E0-910F-40F4-AC27-12E755F5DBCD} = {EEBEF828-1690-4F77-A99A-29FB3382999C}
		{6BB57765-64A8-49D8-8A44-FD257BD9954E} = {94252D1F-306A-46BE-8984-09F146FBDCE8}
		{3F22ACC3-E81E-46F6-B7E7-89CB9C0426E3} = {CC953456-298D-47EF-A853-5D4BDBB98148}
		{4E2BDE51-54D3-4084-A5C0-5EBC196D21B6} = {785F8582-4C72-4658-A9BF-DC15622E11BD}
		{8D1320C9-F184-47B0-9003-315AA7D00AF3} = {AC2E32B4-EA5E-4787-AF5E-3C4FD2B6096D}
		{DEB86931-0FA1-4F7E-9DF8-DABD2B9B9328} = {AC2E32B4-EA5E-4787-AF5E-3C4FD2B6096D}
		{8CA794D0-1A65-44FF-8E19-9C545AD145A2} = {AC2E32B4-EA5E-4787-AF5E-3C4FD2B6096D}
		{F57C4BE2-4393-44DE-97C8-1BD3EA43B026} = {94252D1F-306A-46BE-8984-09F146FBDCE8}
		{40FEB8F4-0524-4E7B-AE3F-ACEE4F82AAAB} = {785F8582-4C72-4658-A9BF-DC15622E11BD}
		{DF26088F-10F7-47F8-AE7B-681B67BC5A10} = {3F9F8AE2-F7BF-44A6-BBE8-8273E06A63F8}
		{3F5FAC93-661B-4DFB-BC2E-686A3CFB841F} = {CC953456-298D-47EF-A853-5D4BDBB98148}
	EndGlobalSection
	GlobalSection(ExtensibilityGlobals) = postSolution
		SolutionGuid = {FD6A2B0E-7C4C-4772-A1B0-F3455479408C}
	EndGlobalSection
EndGlobal
